// !$*UTF8*$!
{
	archiveVersion = 1;
	classes = {
	};
	objectVersion = 50;
	objects = {

/* Begin PBXBuildFile section */
		9A05770C24FE48860067E5F4 /* UserResource.swift in Sources */ = {isa = PBXBuildFile; fileRef = 9A05770524FE48860067E5F4 /* UserResource.swift */; };
		9A05770D24FE48860067E5F4 /* ImageRequest.swift in Sources */ = {isa = PBXBuildFile; fileRef = 9A05770724FE48860067E5F4 /* ImageRequest.swift */; };
		9A05770E24FE48860067E5F4 /* ApiRequest.swift in Sources */ = {isa = PBXBuildFile; fileRef = 9A05770824FE48860067E5F4 /* ApiRequest.swift */; };
		9A05770F24FE48860067E5F4 /* ApiResource.swift in Sources */ = {isa = PBXBuildFile; fileRef = 9A05770A24FE48860067E5F4 /* ApiResource.swift */; };
		9A05771024FE48860067E5F4 /* NetworkRequest.swift in Sources */ = {isa = PBXBuildFile; fileRef = 9A05770B24FE48860067E5F4 /* NetworkRequest.swift */; };
		9A05771724FE4B380067E5F4 /* CustomImageView.swift in Sources */ = {isa = PBXBuildFile; fileRef = 9A05771624FE4B380067E5F4 /* CustomImageView.swift */; };
		9A1FF27E24EAB7670048B2D3 /* VKLogin Controller.swift in Sources */ = {isa = PBXBuildFile; fileRef = 9A1FF27D24EAB7670048B2D3 /* VKLogin Controller.swift */; };
		9A1FF28124EAB8970048B2D3 /* WebKit.framework in Frameworks */ = {isa = PBXBuildFile; fileRef = 9A1FF28024EAB8970048B2D3 /* WebKit.framework */; };
		9A5FD7EF2502280D008A7B33 /* Model.xcdatamodeld in Sources */ = {isa = PBXBuildFile; fileRef = 9A5FD7ED2502280D008A7B33 /* Model.xcdatamodeld */; };
		9A5FD7FA25022E4E008A7B33 /* CoreDataManager.swift in Sources */ = {isa = PBXBuildFile; fileRef = 9A5FD7F925022E4E008A7B33 /* CoreDataManager.swift */; };
		9A5FD7FC25025607008A7B33 /* FriendsViewController.swift in Sources */ = {isa = PBXBuildFile; fileRef = 9A5FD7FB25025607008A7B33 /* FriendsViewController.swift */; };
		9A5FD7FE25025A9A008A7B33 /* FriendsVC+frc.swift in Sources */ = {isa = PBXBuildFile; fileRef = 9A5FD7FD25025A9A008A7B33 /* FriendsVC+frc.swift */; };
		9A5FD80025025CD5008A7B33 /* FriendsVC+UITableView.swift in Sources */ = {isa = PBXBuildFile; fileRef = 9A5FD7FF25025CD5008A7B33 /* FriendsVC+UITableView.swift */; };
		9A6024F324DBFFC90043E063 /* GroupsViewController.swift in Sources */ = {isa = PBXBuildFile; fileRef = 9A6024F224DBFFC90043E063 /* GroupsViewController.swift */; };
		9A6024F524DC1B0D0043E063 /* SearchViewController.swift in Sources */ = {isa = PBXBuildFile; fileRef = 9A6024F424DC1B0C0043E063 /* SearchViewController.swift */; };
		9A6024FD24DC3A6E0043E063 /* SearchCell.swift in Sources */ = {isa = PBXBuildFile; fileRef = 9A6024FC24DC3A6E0043E063 /* SearchCell.swift */; };
		9A62469825075F0D0044C224 /* Wrapper.swift in Sources */ = {isa = PBXBuildFile; fileRef = 9A62469725075F0D0044C224 /* Wrapper.swift */; };
		9A649F9D24DAA5F50084CD5C /* UserTableCell.swift in Sources */ = {isa = PBXBuildFile; fileRef = 9A649F9C24DAA5F50084CD5C /* UserTableCell.swift */; };
		9A649F9F24DAB8400084CD5C /* HeaderSectionLabel.swift in Sources */ = {isa = PBXBuildFile; fileRef = 9A649F9E24DAB8400084CD5C /* HeaderSectionLabel.swift */; };
		9A67CD5A24D8100900B1ACBC /* AppDelegate.swift in Sources */ = {isa = PBXBuildFile; fileRef = 9A67CD5924D8100900B1ACBC /* AppDelegate.swift */; };
		9A67CD5C24D8100900B1ACBC /* SceneDelegate.swift in Sources */ = {isa = PBXBuildFile; fileRef = 9A67CD5B24D8100900B1ACBC /* SceneDelegate.swift */; };
		9A67CD5E24D8100900B1ACBC /* SignInViewController.swift in Sources */ = {isa = PBXBuildFile; fileRef = 9A67CD5D24D8100900B1ACBC /* SignInViewController.swift */; };
		9A67CD6324D8101000B1ACBC /* Assets.xcassets in Resources */ = {isa = PBXBuildFile; fileRef = 9A67CD6224D8101000B1ACBC /* Assets.xcassets */; };
		9A67CD6624D8101000B1ACBC /* LaunchScreen.storyboard in Resources */ = {isa = PBXBuildFile; fileRef = 9A67CD6424D8101000B1ACBC /* LaunchScreen.storyboard */; };
		9A98622024D81C3C00459F78 /* Extensions.swift in Sources */ = {isa = PBXBuildFile; fileRef = 9A98621F24D81C3C00459F78 /* Extensions.swift */; };
		9A98622224D82C4C00459F78 /* MainTabBarController.swift in Sources */ = {isa = PBXBuildFile; fileRef = 9A98622124D82C4C00459F78 /* MainTabBarController.swift */; };
		9A98622424D8302E00459F78 /* NewsViewController.swift in Sources */ = {isa = PBXBuildFile; fileRef = 9A98622324D8302E00459F78 /* NewsViewController.swift */; };
		9A98622724D834D900459F78 /* NewsCell.swift in Sources */ = {isa = PBXBuildFile; fileRef = 9A98622624D834D900459F78 /* NewsCell.swift */; };
		9A98622A24D84BC500459F78 /* JsonUser.swift in Sources */ = {isa = PBXBuildFile; fileRef = 9A98622924D84BC500459F78 /* JsonUser.swift */; };
		9A98622C24D84BE400459F78 /* JsonGroups.swift in Sources */ = {isa = PBXBuildFile; fileRef = 9A98622B24D84BE400459F78 /* JsonGroups.swift */; };
		9A98622F24D8530C00459F78 /* ReusableView.swift in Sources */ = {isa = PBXBuildFile; fileRef = 9A98622E24D8530C00459F78 /* ReusableView.swift */; };
		9AB33CA725066258008B2467 /* IndentedLabel.swift in Sources */ = {isa = PBXBuildFile; fileRef = 9AB33CA625066258008B2467 /* IndentedLabel.swift */; };
		9AB33CA9250663D6008B2467 /* GroupsResource.swift in Sources */ = {isa = PBXBuildFile; fileRef = 9AB33CA8250663D6008B2467 /* GroupsResource.swift */; };
		9AB33CAD250669D4008B2467 /* GroupsVC+UITableView.swift in Sources */ = {isa = PBXBuildFile; fileRef = 9AB33CAC250669D4008B2467 /* GroupsVC+UITableView.swift */; };
		9AB33CAF250669F9008B2467 /* GroupsVC+frc.swift in Sources */ = {isa = PBXBuildFile; fileRef = 9AB33CAE250669F9008B2467 /* GroupsVC+frc.swift */; };
		9AB33CB125066C8D008B2467 /* GroupsTableCell.swift in Sources */ = {isa = PBXBuildFile; fileRef = 9AB33CB025066C8D008B2467 /* GroupsTableCell.swift */; };
		9AB99C0F24E95A1300C13759 /* Session.swift in Sources */ = {isa = PBXBuildFile; fileRef = 9AB99C0E24E95A1300C13759 /* Session.swift */; };
/* End PBXBuildFile section */

/* Begin PBXFileReference section */
		9A05770524FE48860067E5F4 /* UserResource.swift */ = {isa = PBXFileReference; fileEncoding = 4; lastKnownFileType = sourcecode.swift; path = UserResource.swift; sourceTree = "<group>"; };
		9A05770724FE48860067E5F4 /* ImageRequest.swift */ = {isa = PBXFileReference; fileEncoding = 4; lastKnownFileType = sourcecode.swift; path = ImageRequest.swift; sourceTree = "<group>"; };
		9A05770824FE48860067E5F4 /* ApiRequest.swift */ = {isa = PBXFileReference; fileEncoding = 4; lastKnownFileType = sourcecode.swift; path = ApiRequest.swift; sourceTree = "<group>"; };
		9A05770A24FE48860067E5F4 /* ApiResource.swift */ = {isa = PBXFileReference; fileEncoding = 4; lastKnownFileType = sourcecode.swift; path = ApiResource.swift; sourceTree = "<group>"; };
		9A05770B24FE48860067E5F4 /* NetworkRequest.swift */ = {isa = PBXFileReference; fileEncoding = 4; lastKnownFileType = sourcecode.swift; path = NetworkRequest.swift; sourceTree = "<group>"; };
		9A05771624FE4B380067E5F4 /* CustomImageView.swift */ = {isa = PBXFileReference; lastKnownFileType = sourcecode.swift; path = CustomImageView.swift; sourceTree = "<group>"; };
		9A1FF27D24EAB7670048B2D3 /* VKLogin Controller.swift */ = {isa = PBXFileReference; lastKnownFileType = sourcecode.swift; path = "VKLogin Controller.swift"; sourceTree = "<group>"; };
		9A1FF28024EAB8970048B2D3 /* WebKit.framework */ = {isa = PBXFileReference; lastKnownFileType = wrapper.framework; name = WebKit.framework; path = System/Library/Frameworks/WebKit.framework; sourceTree = SDKROOT; };
		9A5FD7EE2502280D008A7B33 /* Model.xcdatamodel */ = {isa = PBXFileReference; lastKnownFileType = wrapper.xcdatamodel; path = Model.xcdatamodel; sourceTree = "<group>"; };
		9A5FD7F925022E4E008A7B33 /* CoreDataManager.swift */ = {isa = PBXFileReference; lastKnownFileType = sourcecode.swift; path = CoreDataManager.swift; sourceTree = "<group>"; };
		9A5FD7FB25025607008A7B33 /* FriendsViewController.swift */ = {isa = PBXFileReference; lastKnownFileType = sourcecode.swift; path = FriendsViewController.swift; sourceTree = "<group>"; };
		9A5FD7FD25025A9A008A7B33 /* FriendsVC+frc.swift */ = {isa = PBXFileReference; lastKnownFileType = sourcecode.swift; path = "FriendsVC+frc.swift"; sourceTree = "<group>"; };
		9A5FD7FF25025CD5008A7B33 /* FriendsVC+UITableView.swift */ = {isa = PBXFileReference; lastKnownFileType = sourcecode.swift; path = "FriendsVC+UITableView.swift"; sourceTree = "<group>"; };
		9A6024F224DBFFC90043E063 /* GroupsViewController.swift */ = {isa = PBXFileReference; lastKnownFileType = sourcecode.swift; path = GroupsViewController.swift; sourceTree = "<group>"; };
		9A6024F424DC1B0C0043E063 /* SearchViewController.swift */ = {isa = PBXFileReference; lastKnownFileType = sourcecode.swift; path = SearchViewController.swift; sourceTree = "<group>"; };
		9A6024FC24DC3A6E0043E063 /* SearchCell.swift */ = {isa = PBXFileReference; lastKnownFileType = sourcecode.swift; path = SearchCell.swift; sourceTree = "<group>"; };
		9A62469725075F0D0044C224 /* Wrapper.swift */ = {isa = PBXFileReference; lastKnownFileType = sourcecode.swift; path = Wrapper.swift; sourceTree = "<group>"; };
		9A649F9C24DAA5F50084CD5C /* UserTableCell.swift */ = {isa = PBXFileReference; lastKnownFileType = sourcecode.swift; path = UserTableCell.swift; sourceTree = "<group>"; };
		9A649F9E24DAB8400084CD5C /* HeaderSectionLabel.swift */ = {isa = PBXFileReference; lastKnownFileType = sourcecode.swift; path = HeaderSectionLabel.swift; sourceTree = "<group>"; };
		9A67CD5624D8100900B1ACBC /* GeekCourseApp.app */ = {isa = PBXFileReference; explicitFileType = wrapper.application; includeInIndex = 0; path = GeekCourseApp.app; sourceTree = BUILT_PRODUCTS_DIR; };
		9A67CD5924D8100900B1ACBC /* AppDelegate.swift */ = {isa = PBXFileReference; lastKnownFileType = sourcecode.swift; path = AppDelegate.swift; sourceTree = "<group>"; };
		9A67CD5B24D8100900B1ACBC /* SceneDelegate.swift */ = {isa = PBXFileReference; lastKnownFileType = sourcecode.swift; path = SceneDelegate.swift; sourceTree = "<group>"; };
		9A67CD5D24D8100900B1ACBC /* SignInViewController.swift */ = {isa = PBXFileReference; lastKnownFileType = sourcecode.swift; path = SignInViewController.swift; sourceTree = "<group>"; };
		9A67CD6224D8101000B1ACBC /* Assets.xcassets */ = {isa = PBXFileReference; lastKnownFileType = folder.assetcatalog; path = Assets.xcassets; sourceTree = "<group>"; };
		9A67CD6524D8101000B1ACBC /* Base */ = {isa = PBXFileReference; lastKnownFileType = file.storyboard; name = Base; path = Base.lproj/LaunchScreen.storyboard; sourceTree = "<group>"; };
		9A67CD6724D8101000B1ACBC /* Info.plist */ = {isa = PBXFileReference; lastKnownFileType = text.plist.xml; path = Info.plist; sourceTree = "<group>"; };
		9A98621F24D81C3C00459F78 /* Extensions.swift */ = {isa = PBXFileReference; lastKnownFileType = sourcecode.swift; path = Extensions.swift; sourceTree = "<group>"; };
		9A98622124D82C4C00459F78 /* MainTabBarController.swift */ = {isa = PBXFileReference; lastKnownFileType = sourcecode.swift; path = MainTabBarController.swift; sourceTree = "<group>"; };
		9A98622324D8302E00459F78 /* NewsViewController.swift */ = {isa = PBXFileReference; lastKnownFileType = sourcecode.swift; path = NewsViewController.swift; sourceTree = "<group>"; };
		9A98622624D834D900459F78 /* NewsCell.swift */ = {isa = PBXFileReference; lastKnownFileType = sourcecode.swift; path = NewsCell.swift; sourceTree = "<group>"; };
		9A98622924D84BC500459F78 /* JsonUser.swift */ = {isa = PBXFileReference; lastKnownFileType = sourcecode.swift; path = JsonUser.swift; sourceTree = "<group>"; };
		9A98622B24D84BE400459F78 /* JsonGroups.swift */ = {isa = PBXFileReference; lastKnownFileType = sourcecode.swift; path = JsonGroups.swift; sourceTree = "<group>"; };
		9A98622E24D8530C00459F78 /* ReusableView.swift */ = {isa = PBXFileReference; lastKnownFileType = sourcecode.swift; path = ReusableView.swift; sourceTree = "<group>"; };
		9AB33CA625066258008B2467 /* IndentedLabel.swift */ = {isa = PBXFileReference; lastKnownFileType = sourcecode.swift; path = IndentedLabel.swift; sourceTree = "<group>"; };
		9AB33CA8250663D6008B2467 /* GroupsResource.swift */ = {isa = PBXFileReference; lastKnownFileType = sourcecode.swift; path = GroupsResource.swift; sourceTree = "<group>"; };
		9AB33CAC250669D4008B2467 /* GroupsVC+UITableView.swift */ = {isa = PBXFileReference; lastKnownFileType = sourcecode.swift; path = "GroupsVC+UITableView.swift"; sourceTree = "<group>"; };
		9AB33CAE250669F9008B2467 /* GroupsVC+frc.swift */ = {isa = PBXFileReference; lastKnownFileType = sourcecode.swift; path = "GroupsVC+frc.swift"; sourceTree = "<group>"; };
		9AB33CB025066C8D008B2467 /* GroupsTableCell.swift */ = {isa = PBXFileReference; lastKnownFileType = sourcecode.swift; path = GroupsTableCell.swift; sourceTree = "<group>"; };
		9AB99C0E24E95A1300C13759 /* Session.swift */ = {isa = PBXFileReference; lastKnownFileType = sourcecode.swift; path = Session.swift; sourceTree = "<group>"; };
/* End PBXFileReference section */

/* Begin PBXFrameworksBuildPhase section */
		9A67CD5324D8100900B1ACBC /* Frameworks */ = {
			isa = PBXFrameworksBuildPhase;
			buildActionMask = 2147483647;
			files = (
				9A1FF28124EAB8970048B2D3 /* WebKit.framework in Frameworks */,
			);
			runOnlyForDeploymentPostprocessing = 0;
		};
/* End PBXFrameworksBuildPhase section */

/* Begin PBXGroup section */
		9A05770324FE48860067E5F4 /* Networking */ = {
			isa = PBXGroup;
			children = (
				9A05770424FE48860067E5F4 /* EndPoints */,
				9A05770624FE48860067E5F4 /* Requests */,
				9A05770924FE48860067E5F4 /* Protocols */,
			);
			path = Networking;
			sourceTree = "<group>";
		};
		9A05770424FE48860067E5F4 /* EndPoints */ = {
			isa = PBXGroup;
			children = (
				9A05770524FE48860067E5F4 /* UserResource.swift */,
				9AB33CA8250663D6008B2467 /* GroupsResource.swift */,
			);
			path = EndPoints;
			sourceTree = "<group>";
		};
		9A05770624FE48860067E5F4 /* Requests */ = {
			isa = PBXGroup;
			children = (
				9A05770724FE48860067E5F4 /* ImageRequest.swift */,
				9A05770824FE48860067E5F4 /* ApiRequest.swift */,
			);
			path = Requests;
			sourceTree = "<group>";
		};
		9A05770924FE48860067E5F4 /* Protocols */ = {
			isa = PBXGroup;
			children = (
				9A05770A24FE48860067E5F4 /* ApiResource.swift */,
				9A05770B24FE48860067E5F4 /* NetworkRequest.swift */,
			);
			path = Protocols;
			sourceTree = "<group>";
		};
		9A1FF27F24EAB8970048B2D3 /* Frameworks */ = {
			isa = PBXGroup;
			children = (
				9A1FF28024EAB8970048B2D3 /* WebKit.framework */,
			);
			name = Frameworks;
			sourceTree = "<group>";
		};
		9A5FD7F025022882008A7B33 /* CoreData Model */ = {
			isa = PBXGroup;
			children = (
				9A5FD7ED2502280D008A7B33 /* Model.xcdatamodeld */,
			);
			path = "CoreData Model";
			sourceTree = "<group>";
		};
		9A5FD7F1250228A2008A7B33 /* MainTabBar */ = {
			isa = PBXGroup;
			children = (
				9A98622124D82C4C00459F78 /* MainTabBarController.swift */,
			);
			path = MainTabBar;
			sourceTree = "<group>";
		};
		9A5FD7F2250228BF008A7B33 /* News */ = {
			isa = PBXGroup;
			children = (
				9A98622324D8302E00459F78 /* NewsViewController.swift */,
			);
			path = News;
			sourceTree = "<group>";
		};
		9A5FD7F3250228D3008A7B33 /* Friends */ = {
			isa = PBXGroup;
			children = (
				9A5FD7FB25025607008A7B33 /* FriendsViewController.swift */,
				9A5FD7FD25025A9A008A7B33 /* FriendsVC+frc.swift */,
				9A5FD7FF25025CD5008A7B33 /* FriendsVC+UITableView.swift */,
			);
			path = Friends;
			sourceTree = "<group>";
		};
		9A5FD7F4250228DF008A7B33 /* Groups */ = {
			isa = PBXGroup;
			children = (
				9A6024F224DBFFC90043E063 /* GroupsViewController.swift */,
				9AB33CAC250669D4008B2467 /* GroupsVC+UITableView.swift */,
				9AB33CAE250669F9008B2467 /* GroupsVC+frc.swift */,
			);
			path = Groups;
			sourceTree = "<group>";
		};
		9A5FD7F5250228F2008A7B33 /* Search */ = {
			isa = PBXGroup;
			children = (
				9A6024F424DC1B0C0043E063 /* SearchViewController.swift */,
			);
			path = Search;
			sourceTree = "<group>";
		};
		9A5FD7F625022906008A7B33 /* Auth */ = {
			isa = PBXGroup;
			children = (
				9A67CD5D24D8100900B1ACBC /* SignInViewController.swift */,
				9A1FF27D24EAB7670048B2D3 /* VKLogin Controller.swift */,
			);
			path = Auth;
			sourceTree = "<group>";
		};
		9A5FD7F725022E1A008A7B33 /* Managers */ = {
			isa = PBXGroup;
			children = (
				9A5FD7F825022E28008A7B33 /* CoreDataManager */,
				9A05770324FE48860067E5F4 /* Networking */,
			);
			path = Managers;
			sourceTree = "<group>";
		};
		9A5FD7F825022E28008A7B33 /* CoreDataManager */ = {
			isa = PBXGroup;
			children = (
				9A5FD7F925022E4E008A7B33 /* CoreDataManager.swift */,
			);
			path = CoreDataManager;
			sourceTree = "<group>";
		};
		9A6024F624DC1B200043E063 /* ViewControllers */ = {
			isa = PBXGroup;
			children = (
				9A5FD7F1250228A2008A7B33 /* MainTabBar */,
				9A5FD7F2250228BF008A7B33 /* News */,
				9A5FD7F3250228D3008A7B33 /* Friends */,
				9A5FD7F4250228DF008A7B33 /* Groups */,
				9A5FD7F5250228F2008A7B33 /* Search */,
				9A5FD7F625022906008A7B33 /* Auth */,
			);
			path = ViewControllers;
			sourceTree = "<group>";
		};
		9A6024F724DC31B40043E063 /* Cells */ = {
			isa = PBXGroup;
			children = (
				9A98622624D834D900459F78 /* NewsCell.swift */,
				9A649F9C24DAA5F50084CD5C /* UserTableCell.swift */,
				9A6024FC24DC3A6E0043E063 /* SearchCell.swift */,
				9AB33CB025066C8D008B2467 /* GroupsTableCell.swift */,
			);
			path = Cells;
			sourceTree = "<group>";
		};
		9A67CD4D24D8100900B1ACBC = {
			isa = PBXGroup;
			children = (
				9A67CD5824D8100900B1ACBC /* GeekCourseApp */,
				9A67CD5724D8100900B1ACBC /* Products */,
				9A1FF27F24EAB8970048B2D3 /* Frameworks */,
			);
			sourceTree = "<group>";
		};
		9A67CD5724D8100900B1ACBC /* Products */ = {
			isa = PBXGroup;
			children = (
				9A67CD5624D8100900B1ACBC /* GeekCourseApp.app */,
			);
			name = Products;
			sourceTree = "<group>";
		};
		9A67CD5824D8100900B1ACBC /* GeekCourseApp */ = {
			isa = PBXGroup;
			children = (
				9A5FD7F725022E1A008A7B33 /* Managers */,
				9A67CD6D24D8102B00B1ACBC /* Application Delegate */,
				9A98622824D84BB200459F78 /* Model */,
				9A98622524D834BA00459F78 /* View */,
				9A6024F624DC1B200043E063 /* ViewControllers */,
				9A98621E24D81C2800459F78 /* Utils */,
				9A67CD6F24D810A800B1ACBC /* Resourses */,
				9A67CD6E24D8108F00B1ACBC /* Supporting Files */,
			);
			path = GeekCourseApp;
			sourceTree = "<group>";
		};
		9A67CD6D24D8102B00B1ACBC /* Application Delegate */ = {
			isa = PBXGroup;
			children = (
				9A67CD5924D8100900B1ACBC /* AppDelegate.swift */,
				9A67CD5B24D8100900B1ACBC /* SceneDelegate.swift */,
			);
			path = "Application Delegate";
			sourceTree = "<group>";
		};
		9A67CD6E24D8108F00B1ACBC /* Supporting Files */ = {
			isa = PBXGroup;
			children = (
				9A67CD6424D8101000B1ACBC /* LaunchScreen.storyboard */,
				9A67CD6724D8101000B1ACBC /* Info.plist */,
			);
			path = "Supporting Files";
			sourceTree = "<group>";
		};
		9A67CD6F24D810A800B1ACBC /* Resourses */ = {
			isa = PBXGroup;
			children = (
				9A67CD6224D8101000B1ACBC /* Assets.xcassets */,
			);
			path = Resourses;
			sourceTree = "<group>";
		};
		9A98621E24D81C2800459F78 /* Utils */ = {
			isa = PBXGroup;
			children = (
				9A98621F24D81C3C00459F78 /* Extensions.swift */,
				9AB99C0E24E95A1300C13759 /* Session.swift */,
				9A98622E24D8530C00459F78 /* ReusableView.swift */,
			);
			path = Utils;
			sourceTree = "<group>";
		};
		9A98622524D834BA00459F78 /* View */ = {
			isa = PBXGroup;
			children = (
				9AB33CAA250668FC008B2467 /* CustomViews */,
				9A6024F724DC31B40043E063 /* Cells */,
			);
			path = View;
			sourceTree = "<group>";
		};
		9A98622824D84BB200459F78 /* Model */ = {
			isa = PBXGroup;
			children = (
				9AB33CAB25066947008B2467 /* JSONModel */,
				9A5FD7F025022882008A7B33 /* CoreData Model */,
			);
			path = Model;
			sourceTree = "<group>";
		};
		9AB33CAA250668FC008B2467 /* CustomViews */ = {
			isa = PBXGroup;
			children = (
				9A649F9E24DAB8400084CD5C /* HeaderSectionLabel.swift */,
				9AB33CA625066258008B2467 /* IndentedLabel.swift */,
				9A05771624FE4B380067E5F4 /* CustomImageView.swift */,
			);
			path = CustomViews;
			sourceTree = "<group>";
		};
		9AB33CAB25066947008B2467 /* JSONModel */ = {
			isa = PBXGroup;
			children = (
				9A98622924D84BC500459F78 /* JsonUser.swift */,
				9A98622B24D84BE400459F78 /* JsonGroups.swift */,
				9A62469725075F0D0044C224 /* Wrapper.swift */,
			);
			path = JSONModel;
			sourceTree = "<group>";
		};
/* End PBXGroup section */

/* Begin PBXNativeTarget section */
		9A67CD5524D8100900B1ACBC /* GeekCourseApp */ = {
			isa = PBXNativeTarget;
			buildConfigurationList = 9A67CD6A24D8101000B1ACBC /* Build configuration list for PBXNativeTarget "GeekCourseApp" */;
			buildPhases = (
				9A67CD5224D8100900B1ACBC /* Sources */,
				9A67CD5324D8100900B1ACBC /* Frameworks */,
				9A67CD5424D8100900B1ACBC /* Resources */,
			);
			buildRules = (
			);
			dependencies = (
			);
			name = GeekCourseApp;
			productName = GeekCourseApp;
			productReference = 9A67CD5624D8100900B1ACBC /* GeekCourseApp.app */;
			productType = "com.apple.product-type.application";
		};
/* End PBXNativeTarget section */

/* Begin PBXProject section */
		9A67CD4E24D8100900B1ACBC /* Project object */ = {
			isa = PBXProject;
			attributes = {
				LastSwiftUpdateCheck = 1160;
				LastUpgradeCheck = 1160;
				ORGANIZATIONNAME = com.blablabla;
				TargetAttributes = {
					9A67CD5524D8100900B1ACBC = {
						CreatedOnToolsVersion = 11.6;
					};
				};
			};
			buildConfigurationList = 9A67CD5124D8100900B1ACBC /* Build configuration list for PBXProject "GeekCourseApp" */;
			compatibilityVersion = "Xcode 9.3";
			developmentRegion = en;
			hasScannedForEncodings = 0;
			knownRegions = (
				en,
				Base,
			);
			mainGroup = 9A67CD4D24D8100900B1ACBC;
			productRefGroup = 9A67CD5724D8100900B1ACBC /* Products */;
			projectDirPath = "";
			projectRoot = "";
			targets = (
				9A67CD5524D8100900B1ACBC /* GeekCourseApp */,
			);
		};
/* End PBXProject section */

/* Begin PBXResourcesBuildPhase section */
		9A67CD5424D8100900B1ACBC /* Resources */ = {
			isa = PBXResourcesBuildPhase;
			buildActionMask = 2147483647;
			files = (
				9A67CD6624D8101000B1ACBC /* LaunchScreen.storyboard in Resources */,
				9A67CD6324D8101000B1ACBC /* Assets.xcassets in Resources */,
			);
			runOnlyForDeploymentPostprocessing = 0;
		};
/* End PBXResourcesBuildPhase section */

/* Begin PBXSourcesBuildPhase section */
		9A67CD5224D8100900B1ACBC /* Sources */ = {
			isa = PBXSourcesBuildPhase;
			buildActionMask = 2147483647;
			files = (
				9A05770C24FE48860067E5F4 /* UserResource.swift in Sources */,
				9A6024F524DC1B0D0043E063 /* SearchViewController.swift in Sources */,
				9A6024FD24DC3A6E0043E063 /* SearchCell.swift in Sources */,
				9A6024F324DBFFC90043E063 /* GroupsViewController.swift in Sources */,
				9AB33CB125066C8D008B2467 /* GroupsTableCell.swift in Sources */,
				9A5FD7EF2502280D008A7B33 /* Model.xcdatamodeld in Sources */,
				9A98622C24D84BE400459F78 /* JsonGroups.swift in Sources */,
				9A05770E24FE48860067E5F4 /* ApiRequest.swift in Sources */,
				9A98622F24D8530C00459F78 /* ReusableView.swift in Sources */,
				9A98622424D8302E00459F78 /* NewsViewController.swift in Sources */,
				9AB33CAD250669D4008B2467 /* GroupsVC+UITableView.swift in Sources */,
				9A5FD80025025CD5008A7B33 /* FriendsVC+UITableView.swift in Sources */,
				9A67CD5E24D8100900B1ACBC /* SignInViewController.swift in Sources */,
				9AB33CA9250663D6008B2467 /* GroupsResource.swift in Sources */,
				9AB99C0F24E95A1300C13759 /* Session.swift in Sources */,
				9A05770D24FE48860067E5F4 /* ImageRequest.swift in Sources */,
				9A67CD5A24D8100900B1ACBC /* AppDelegate.swift in Sources */,
				9A05770F24FE48860067E5F4 /* ApiResource.swift in Sources */,
				9A98622724D834D900459F78 /* NewsCell.swift in Sources */,
				9A05771024FE48860067E5F4 /* NetworkRequest.swift in Sources */,
				9A5FD7FE25025A9A008A7B33 /* FriendsVC+frc.swift in Sources */,
				9A649F9F24DAB8400084CD5C /* HeaderSectionLabel.swift in Sources */,
				9A1FF27E24EAB7670048B2D3 /* VKLogin Controller.swift in Sources */,
				9A98622A24D84BC500459F78 /* JsonUser.swift in Sources */,
				9AB33CAF250669F9008B2467 /* GroupsVC+frc.swift in Sources */,
				9A98622224D82C4C00459F78 /* MainTabBarController.swift in Sources */,
				9AB33CA725066258008B2467 /* IndentedLabel.swift in Sources */,
				9A62469825075F0D0044C224 /* Wrapper.swift in Sources */,
				9A67CD5C24D8100900B1ACBC /* SceneDelegate.swift in Sources */,
				9A649F9D24DAA5F50084CD5C /* UserTableCell.swift in Sources */,
				9A98622024D81C3C00459F78 /* Extensions.swift in Sources */,
				9A5FD7FA25022E4E008A7B33 /* CoreDataManager.swift in Sources */,
				9A05771724FE4B380067E5F4 /* CustomImageView.swift in Sources */,
				9A5FD7FC25025607008A7B33 /* FriendsViewController.swift in Sources */,
			);
			runOnlyForDeploymentPostprocessing = 0;
		};
/* End PBXSourcesBuildPhase section */

/* Begin PBXVariantGroup section */
		9A67CD6424D8101000B1ACBC /* LaunchScreen.storyboard */ = {
			isa = PBXVariantGroup;
			children = (
				9A67CD6524D8101000B1ACBC /* Base */,
			);
			name = LaunchScreen.storyboard;
			sourceTree = "<group>";
		};
/* End PBXVariantGroup section */

/* Begin XCBuildConfiguration section */
		9A67CD6824D8101000B1ACBC /* Debug */ = {
			isa = XCBuildConfiguration;
			buildSettings = {
				ALWAYS_SEARCH_USER_PATHS = NO;
				CLANG_ANALYZER_NONNULL = YES;
				CLANG_ANALYZER_NUMBER_OBJECT_CONVERSION = YES_AGGRESSIVE;
				CLANG_CXX_LANGUAGE_STANDARD = "gnu++14";
				CLANG_CXX_LIBRARY = "libc++";
				CLANG_ENABLE_MODULES = YES;
				CLANG_ENABLE_OBJC_ARC = YES;
				CLANG_ENABLE_OBJC_WEAK = YES;
				CLANG_WARN_BLOCK_CAPTURE_AUTORELEASING = YES;
				CLANG_WARN_BOOL_CONVERSION = YES;
				CLANG_WARN_COMMA = YES;
				CLANG_WARN_CONSTANT_CONVERSION = YES;
				CLANG_WARN_DEPRECATED_OBJC_IMPLEMENTATIONS = YES;
				CLANG_WARN_DIRECT_OBJC_ISA_USAGE = YES_ERROR;
				CLANG_WARN_DOCUMENTATION_COMMENTS = YES;
				CLANG_WARN_EMPTY_BODY = YES;
				CLANG_WARN_ENUM_CONVERSION = YES;
				CLANG_WARN_INFINITE_RECURSION = YES;
				CLANG_WARN_INT_CONVERSION = YES;
				CLANG_WARN_NON_LITERAL_NULL_CONVERSION = YES;
				CLANG_WARN_OBJC_IMPLICIT_RETAIN_SELF = YES;
				CLANG_WARN_OBJC_LITERAL_CONVERSION = YES;
				CLANG_WARN_OBJC_ROOT_CLASS = YES_ERROR;
				CLANG_WARN_RANGE_LOOP_ANALYSIS = YES;
				CLANG_WARN_STRICT_PROTOTYPES = YES;
				CLANG_WARN_SUSPICIOUS_MOVE = YES;
				CLANG_WARN_UNGUARDED_AVAILABILITY = YES_AGGRESSIVE;
				CLANG_WARN_UNREACHABLE_CODE = YES;
				CLANG_WARN__DUPLICATE_METHOD_MATCH = YES;
				COPY_PHASE_STRIP = NO;
				DEBUG_INFORMATION_FORMAT = dwarf;
				ENABLE_STRICT_OBJC_MSGSEND = YES;
				ENABLE_TESTABILITY = YES;
				GCC_C_LANGUAGE_STANDARD = gnu11;
				GCC_DYNAMIC_NO_PIC = NO;
				GCC_NO_COMMON_BLOCKS = YES;
				GCC_OPTIMIZATION_LEVEL = 0;
				GCC_PREPROCESSOR_DEFINITIONS = (
					"DEBUG=1",
					"$(inherited)",
				);
				GCC_WARN_64_TO_32_BIT_CONVERSION = YES;
				GCC_WARN_ABOUT_RETURN_TYPE = YES_ERROR;
				GCC_WARN_UNDECLARED_SELECTOR = YES;
				GCC_WARN_UNINITIALIZED_AUTOS = YES_AGGRESSIVE;
				GCC_WARN_UNUSED_FUNCTION = YES;
				GCC_WARN_UNUSED_VARIABLE = YES;
				IPHONEOS_DEPLOYMENT_TARGET = 13.6;
				MTL_ENABLE_DEBUG_INFO = INCLUDE_SOURCE;
				MTL_FAST_MATH = YES;
				ONLY_ACTIVE_ARCH = YES;
				SDKROOT = iphoneos;
				SWIFT_ACTIVE_COMPILATION_CONDITIONS = DEBUG;
				SWIFT_OPTIMIZATION_LEVEL = "-Onone";
			};
			name = Debug;
		};
		9A67CD6924D8101000B1ACBC /* Release */ = {
			isa = XCBuildConfiguration;
			buildSettings = {
				ALWAYS_SEARCH_USER_PATHS = NO;
				CLANG_ANALYZER_NONNULL = YES;
				CLANG_ANALYZER_NUMBER_OBJECT_CONVERSION = YES_AGGRESSIVE;
				CLANG_CXX_LANGUAGE_STANDARD = "gnu++14";
				CLANG_CXX_LIBRARY = "libc++";
				CLANG_ENABLE_MODULES = YES;
				CLANG_ENABLE_OBJC_ARC = YES;
				CLANG_ENABLE_OBJC_WEAK = YES;
				CLANG_WARN_BLOCK_CAPTURE_AUTORELEASING = YES;
				CLANG_WARN_BOOL_CONVERSION = YES;
				CLANG_WARN_COMMA = YES;
				CLANG_WARN_CONSTANT_CONVERSION = YES;
				CLANG_WARN_DEPRECATED_OBJC_IMPLEMENTATIONS = YES;
				CLANG_WARN_DIRECT_OBJC_ISA_USAGE = YES_ERROR;
				CLANG_WARN_DOCUMENTATION_COMMENTS = YES;
				CLANG_WARN_EMPTY_BODY = YES;
				CLANG_WARN_ENUM_CONVERSION = YES;
				CLANG_WARN_INFINITE_RECURSION = YES;
				CLANG_WARN_INT_CONVERSION = YES;
				CLANG_WARN_NON_LITERAL_NULL_CONVERSION = YES;
				CLANG_WARN_OBJC_IMPLICIT_RETAIN_SELF = YES;
				CLANG_WARN_OBJC_LITERAL_CONVERSION = YES;
				CLANG_WARN_OBJC_ROOT_CLASS = YES_ERROR;
				CLANG_WARN_RANGE_LOOP_ANALYSIS = YES;
				CLANG_WARN_STRICT_PROTOTYPES = YES;
				CLANG_WARN_SUSPICIOUS_MOVE = YES;
				CLANG_WARN_UNGUARDED_AVAILABILITY = YES_AGGRESSIVE;
				CLANG_WARN_UNREACHABLE_CODE = YES;
				CLANG_WARN__DUPLICATE_METHOD_MATCH = YES;
				COPY_PHASE_STRIP = NO;
				DEBUG_INFORMATION_FORMAT = "dwarf-with-dsym";
				ENABLE_NS_ASSERTIONS = NO;
				ENABLE_STRICT_OBJC_MSGSEND = YES;
				GCC_C_LANGUAGE_STANDARD = gnu11;
				GCC_NO_COMMON_BLOCKS = YES;
				GCC_WARN_64_TO_32_BIT_CONVERSION = YES;
				GCC_WARN_ABOUT_RETURN_TYPE = YES_ERROR;
				GCC_WARN_UNDECLARED_SELECTOR = YES;
				GCC_WARN_UNINITIALIZED_AUTOS = YES_AGGRESSIVE;
				GCC_WARN_UNUSED_FUNCTION = YES;
				GCC_WARN_UNUSED_VARIABLE = YES;
				IPHONEOS_DEPLOYMENT_TARGET = 13.6;
				MTL_ENABLE_DEBUG_INFO = NO;
				MTL_FAST_MATH = YES;
				SDKROOT = iphoneos;
				SWIFT_COMPILATION_MODE = wholemodule;
				SWIFT_OPTIMIZATION_LEVEL = "-O";
				VALIDATE_PRODUCT = YES;
			};
			name = Release;
		};
		9A67CD6B24D8101000B1ACBC /* Debug */ = {
			isa = XCBuildConfiguration;
			buildSettings = {
				ASSETCATALOG_COMPILER_APPICON_NAME = AppIcon;
				CODE_SIGN_STYLE = Automatic;
				INFOPLIST_FILE = "$(SRCROOT)/GeekCourseApp/Supporting Files/Info.plist";
				LD_RUNPATH_SEARCH_PATHS = (
					"$(inherited)",
					"@executable_path/Frameworks",
				);
				PRODUCT_BUNDLE_IDENTIFIER = BF.GeekCourseApp;
				PRODUCT_NAME = "$(TARGET_NAME)";
				SWIFT_VERSION = 5.0;
				TARGETED_DEVICE_FAMILY = "1,2";
			};
			name = Debug;
		};
		9A67CD6C24D8101000B1ACBC /* Release */ = {
			isa = XCBuildConfiguration;
			buildSettings = {
				ASSETCATALOG_COMPILER_APPICON_NAME = AppIcon;
				CODE_SIGN_STYLE = Automatic;
				INFOPLIST_FILE = "$(SRCROOT)/GeekCourseApp/Supporting Files/Info.plist";
				LD_RUNPATH_SEARCH_PATHS = (
					"$(inherited)",
					"@executable_path/Frameworks",
				);
				PRODUCT_BUNDLE_IDENTIFIER = BF.GeekCourseApp;
				PRODUCT_NAME = "$(TARGET_NAME)";
				SWIFT_VERSION = 5.0;
				TARGETED_DEVICE_FAMILY = "1,2";
			};
			name = Release;
		};
/* End XCBuildConfiguration section */

/* Begin XCConfigurationList section */
		9A67CD5124D8100900B1ACBC /* Build configuration list for PBXProject "GeekCourseApp" */ = {
			isa = XCConfigurationList;
			buildConfigurations = (
				9A67CD6824D8101000B1ACBC /* Debug */,
				9A67CD6924D8101000B1ACBC /* Release */,
			);
			defaultConfigurationIsVisible = 0;
			defaultConfigurationName = Release;
		};
		9A67CD6A24D8101000B1ACBC /* Build configuration list for PBXNativeTarget "GeekCourseApp" */ = {
			isa = XCConfigurationList;
			buildConfigurations = (
				9A67CD6B24D8101000B1ACBC /* Debug */,
				9A67CD6C24D8101000B1ACBC /* Release */,
			);
			defaultConfigurationIsVisible = 0;
			defaultConfigurationName = Release;
		};
/* End XCConfigurationList section */

/* Begin XCVersionGroup section */
		9A5FD7ED2502280D008A7B33 /* Model.xcdatamodeld */ = {
			isa = XCVersionGroup;
			children = (
				9A5FD7EE2502280D008A7B33 /* Model.xcdatamodel */,
			);
			currentVersion = 9A5FD7EE2502280D008A7B33 /* Model.xcdatamodel */;
			path = Model.xcdatamodeld;
			sourceTree = "<group>";
			versionGroupType = wrapper.xcdatamodel;
		};
/* End XCVersionGroup section */
	};
	rootObject = 9A67CD4E24D8100900B1ACBC /* Project object */;
}
